{
  "lockfile_version": "1",
  "packages": {
    "docker@latest": {
      "last_modified": "2024-07-31T08:48:38Z",
      "resolved": "github:NixOS/nixpkgs/c3392ad349a5227f4a3464dce87bcc5046692fce#docker",
      "source": "devbox-search",
      "version": "27.1.1",
      "systems": {
        "aarch64-darwin": {
          "outputs": [
            {
              "name": "out",
              "path": "/nix/store/j93ipdfilh2s9xrdaaqyk1c279k7a29p-docker-27.1.1",
              "default": true
            }
          ],
          "store_path": "/nix/store/j93ipdfilh2s9xrdaaqyk1c279k7a29p-docker-27.1.1"
        },
        "aarch64-linux": {
          "outputs": [
            {
              "name": "out",
              "path": "/nix/store/nlp1f5w6wjp6hak0y82lwklk7zys4fy1-docker-27.1.1",
              "default": true
            }
          ],
          "store_path": "/nix/store/nlp1f5w6wjp6hak0y82lwklk7zys4fy1-docker-27.1.1"
        },
        "x86_64-darwin": {
          "outputs": [
            {
              "name": "out",
              "path": "/nix/store/s64dz3c6pisvp0y3p79k6f1aq73rzmgm-docker-27.1.1",
              "default": true
            }
          ],
          "store_path": "/nix/store/s64dz3c6pisvp0y3p79k6f1aq73rzmgm-docker-27.1.1"
        },
        "x86_64-linux": {
          "outputs": [
            {
              "name": "out",
              "path": "/nix/store/wjkbv99n0karqjyk1r2sf12njr8qbcnr-docker-27.1.1",
              "default": true
            }
          ],
          "store_path": "/nix/store/wjkbv99n0karqjyk1r2sf12njr8qbcnr-docker-27.1.1"
        }
      }
    },
    "gnumake@latest": {
      "last_modified": "2024-07-26T05:01:57Z",
      "resolved": "github:NixOS/nixpkgs/733453ac54a40997a6a690b60f3942d79560247c#gnumake",
      "source": "devbox-search",
      "version": "4.4.1",
      "systems": {
        "aarch64-darwin": {
          "outputs": [
            {
              "name": "out",
              "path": "/nix/store/c4301v1sjrp1779626h44pl91jbnpn5r-gnumake-4.4.1",
              "default": true
            },
            {
              "name": "man",
              "path": "/nix/store/ajpqp6akrszzdvxbb40fq6czikidc2vb-gnumake-4.4.1-man",
              "default": true
            },
            {
              "name": "info",
              "path": "/nix/store/qs7gmbv88h9v6achca5950a33zmniabc-gnumake-4.4.1-info"
            }
          ],
          "store_path": "/nix/store/c4301v1sjrp1779626h44pl91jbnpn5r-gnumake-4.4.1"
        },
        "aarch64-linux": {
          "outputs": [
            {
              "name": "out",
              "path": "/nix/store/zmgsn6q40mhyydf1irxb1j39h60cfazh-gnumake-4.4.1",
              "default": true
            },
            {
              "name": "man",
              "path": "/nix/store/72jlip07iff04ldvi8pbidla8k4y6cbl-gnumake-4.4.1-man",
              "default": true
            },
            {
              "name": "debug",
              "path": "/nix/store/aqc0xdx9bfvqj38915xm97zj9k9h6dgf-gnumake-4.4.1-debug"
            },
            {
              "name": "info",
              "path": "/nix/store/fkb17v32yraw4jfl6jph7gsikhg5528z-gnumake-4.4.1-info"
            }
          ],
          "store_path": "/nix/store/zmgsn6q40mhyydf1irxb1j39h60cfazh-gnumake-4.4.1"
        },
        "x86_64-darwin": {
          "outputs": [
            {
              "name": "out",
              "path": "/nix/store/6mq2psv6b3kraaf1axdw2h1ci28nw15l-gnumake-4.4.1",
              "default": true
            },
            {
              "name": "man",
              "path": "/nix/store/xmif4yq2xqy37qjhgzz43sni8nrickh6-gnumake-4.4.1-man",
              "default": true
            },
            {
              "name": "info",
              "path": "/nix/store/44kyl5f1z3qji74bjfj69anqnhhia5q0-gnumake-4.4.1-info"
            }
          ],
          "store_path": "/nix/store/6mq2psv6b3kraaf1axdw2h1ci28nw15l-gnumake-4.4.1"
        },
        "x86_64-linux": {
          "outputs": [
            {
              "name": "out",
              "path": "/nix/store/y1p3w7pj0f7n77kl33wmz5gml6qcqfjd-gnumake-4.4.1",
              "default": true
            },
            {
              "name": "man",
              "path": "/nix/store/qrbxn3bh9p4ivq5jx2fs6l34k0inqpz2-gnumake-4.4.1-man",
              "default": true
            },
            {
              "name": "debug",
              "path": "/nix/store/1rpvn74fg0vyp7k3r369qa6m0jqhsgiz-gnumake-4.4.1-debug"
            },
            {
              "name": "info",
              "path": "/nix/store/561k9y7cqfyf58j9x1dblw0c18625xyd-gnumake-4.4.1-info"
            }
          ],
          "store_path": "/nix/store/y1p3w7pj0f7n77kl33wmz5gml6qcqfjd-gnumake-4.4.1"
        }
      }
    },
    "kind@latest": {
      "last_modified": "2024-07-20T09:11:00Z",
      "resolved": "github:NixOS/nixpkgs/6e14bbce7bea6c4efd7adfa88a40dac750d80100#kind",
      "source": "devbox-search",
      "version": "0.23.0",
      "systems": {
        "aarch64-darwin": {
          "outputs": [
            {
              "name": "out",
              "path": "/nix/store/kn3x8vljiwhbz2p9fh6dhvff2r57m892-kind-0.23.0",
              "default": true
            }
          ],
          "store_path": "/nix/store/kn3x8vljiwhbz2p9fh6dhvff2r57m892-kind-0.23.0"
        },
        "aarch64-linux": {
          "outputs": [
            {
              "name": "out",
              "path": "/nix/store/pwmwgq2jfnxhzg7n7f4bl7b0pqjdiw5s-kind-0.23.0",
              "default": true
            }
          ],
          "store_path": "/nix/store/pwmwgq2jfnxhzg7n7f4bl7b0pqjdiw5s-kind-0.23.0"
        },
        "x86_64-darwin": {
          "outputs": [
            {
              "name": "out",
              "path": "/nix/store/84yfg589787wmrvcb9i3vchv3l9yrd05-kind-0.23.0",
              "default": true
            }
          ],
          "store_path": "/nix/store/84yfg589787wmrvcb9i3vchv3l9yrd05-kind-0.23.0"
        },
        "x86_64-linux": {
          "outputs": [
            {
              "name": "out",
              "path": "/nix/store/myyvm5vrs2axpahfw74bgpax6fw7nmxa-kind-0.23.0",
              "default": true
            }
          ],
          "store_path": "/nix/store/myyvm5vrs2axpahfw74bgpax6fw7nmxa-kind-0.23.0"
        }
      }
    },
    "kubectl@latest": {
      "last_modified": "2024-07-07T07:43:47Z",
      "resolved": "github:NixOS/nixpkgs/b60793b86201040d9dee019a05089a9150d08b5b#kubectl",
      "source": "devbox-search",
      "version": "1.30.2",
      "systems": {
        "aarch64-darwin": {
          "outputs": [
            {
              "name": "out",
              "path": "/nix/store/i1zidf41bkfzs2l1pq9fi1frymsfgywc-kubectl-1.30.2",
              "default": true
            },
            {
              "name": "man",
              "path": "/nix/store/dzxnn9mk9plcx3w9862jyd0nxys2yywz-kubectl-1.30.2-man",
              "default": true
            },
            {
              "name": "convert",
              "path": "/nix/store/v9ij5fnxxa02jkzpjvkbxw2jc4p9cbld-kubectl-1.30.2-convert"
            }
          ],
          "store_path": "/nix/store/i1zidf41bkfzs2l1pq9fi1frymsfgywc-kubectl-1.30.2"
        },
        "aarch64-linux": {
          "outputs": [
            {
              "name": "out",
              "path": "/nix/store/k7ql4247qs6ny27m3iz5c9xf5gb248a2-kubectl-1.30.2",
              "default": true
            },
            {
              "name": "man",
              "path": "/nix/store/wy64r4nn3isydw4nx257h95qy2x2z4mx-kubectl-1.30.2-man",
              "default": true
            },
            {
              "name": "convert",
              "path": "/nix/store/ic8za302hvb4kf4zrs55ivr4q2n2lznn-kubectl-1.30.2-convert"
            }
          ],
          "store_path": "/nix/store/k7ql4247qs6ny27m3iz5c9xf5gb248a2-kubectl-1.30.2"
        },
        "x86_64-darwin": {
          "outputs": [
            {
              "name": "out",
              "path": "/nix/store/v029n959l5b289br0cq591b04yc48516-kubectl-1.30.2",
              "default": true
            },
            {
              "name": "man",
              "path": "/nix/store/0dvcxn7gsi2ycy9blb7pcy506w4xp2vi-kubectl-1.30.2-man",
              "default": true
            },
            {
              "name": "convert",
              "path": "/nix/store/2nfq4ivwa4a7jwc0183f2wpl1jxbn754-kubectl-1.30.2-convert"
            }
          ],
          "store_path": "/nix/store/v029n959l5b289br0cq591b04yc48516-kubectl-1.30.2"
        },
        "x86_64-linux": {
          "outputs": [
            {
              "name": "out",
              "path": "/nix/store/3vkf0406s1i6l89hk5wrakh4bbn0p1p2-kubectl-1.30.2",
              "default": true
            },
            {
              "name": "man",
              "path": "/nix/store/3wbvgkkka1knkxvyr4c8qbpr448smw8i-kubectl-1.30.2-man",
              "default": true
            },
            {
              "name": "convert",
              "path": "/nix/store/h5zxz8db6wligwhw5gnwk4gbc8j1ixik-kubectl-1.30.2-convert"
            }
          ],
          "store_path": "/nix/store/3vkf0406s1i6l89hk5wrakh4bbn0p1p2-kubectl-1.30.2"
        }
      }
    },
    "python-full@3.12": {
      "last_modified": "2024-07-07T07:43:47Z",
      "plugin_version": "0.0.3",
      "resolved": "github:NixOS/nixpkgs/b60793b86201040d9dee019a05089a9150d08b5b#python312Full",
      "source": "devbox-search",
      "version": "3.12.4",
      "systems": {
        "aarch64-darwin": {
          "outputs": [
            {
              "name": "out",
              "path": "/nix/store/sd6h0b2lzrk6bz1wmhnxs5gnb8qawl32-python3-3.12.4",
              "default": true
            }
          ],
          "store_path": "/nix/store/sd6h0b2lzrk6bz1wmhnxs5gnb8qawl32-python3-3.12.4"
        },
        "aarch64-linux": {
          "outputs": [
            {
              "name": "out",
              "path": "/nix/store/i59ryncb2nq18ih1rj3m6qs2jynd3yw0-python3-3.12.4",
              "default": true
            },
            {
              "name": "debug",
              "path": "/nix/store/ixk0vdlvhc427gk7p43ypr5xvrkmz3hj-python3-3.12.4-debug"
            }
          ],
          "store_path": "/nix/store/i59ryncb2nq18ih1rj3m6qs2jynd3yw0-python3-3.12.4"
        },
        "x86_64-darwin": {
          "outputs": [
            {
              "name": "out",
              "path": "/nix/store/v3hnv3f0rz4dzjmk0l41ygw2wix12vhb-python3-3.12.4",
              "default": true
            }
          ],
          "store_path": "/nix/store/v3hnv3f0rz4dzjmk0l41ygw2wix12vhb-python3-3.12.4"
        },
        "x86_64-linux": {
          "outputs": [
            {
              "name": "out",
              "path": "/nix/store/nvvjflxkniknl87m294l1c9h2cs2qkj3-python3-3.12.4",
              "default": true
            },
            {
              "name": "debug",
              "path": "/nix/store/x5d98srcsdl7swi7j3rnybd1plc4kpm9-python3-3.12.4-debug"
            }
          ],
          "store_path": "/nix/store/nvvjflxkniknl87m294l1c9h2cs2qkj3-python3-3.12.4"
        }
      }
    },
    "skaffold@latest": {
      "last_modified": "2024-07-31T08:48:38Z",
      "resolved": "github:NixOS/nixpkgs/c3392ad349a5227f4a3464dce87bcc5046692fce#skaffold",
      "source": "devbox-search",
      "version": "2.13.0",
      "systems": {
        "aarch64-darwin": {
          "outputs": [
            {
              "name": "out",
              "path": "/nix/store/7sr6k88y3yf31fw7hnfhl83in8qpsx0f-skaffold-2.13.0",
              "default": true
            }
          ],
          "store_path": "/nix/store/7sr6k88y3yf31fw7hnfhl83in8qpsx0f-skaffold-2.13.0"
        },
        "aarch64-linux": {
          "outputs": [
            {
              "name": "out",
              "path": "/nix/store/fcayg9gc3xpk7yl9vynpnygn9mihyjad-skaffold-2.13.0",
              "default": true
            }
          ],
          "store_path": "/nix/store/fcayg9gc3xpk7yl9vynpnygn9mihyjad-skaffold-2.13.0"
        },
        "x86_64-darwin": {
          "outputs": [
            {
              "name": "out",
              "path": "/nix/store/405mb01ybwzpwwblyhdjg10kcbjci9rd-skaffold-2.13.0",
              "default": true
            }
          ],
          "store_path": "/nix/store/405mb01ybwzpwwblyhdjg10kcbjci9rd-skaffold-2.13.0"
        },
        "x86_64-linux": {
          "outputs": [
            {
              "name": "out",
              "path": "/nix/store/i02hhbkkskvgsrw6kdfj3j9c414glg7p-skaffold-2.13.0",
              "default": true
            }
          ],
          "store_path": "/nix/store/i02hhbkkskvgsrw6kdfj3j9c414glg7p-skaffold-2.13.0"
        }
      }
    }
  }
}
